// !$*UTF8*$!
{
	archiveVersion = 1;
	classes = {
	};
	objectVersion = 51;
	objects = {

/* Begin PBXBuildFile section */
		BB0E26D8EEEAE72483463B4F /* Pods_MovieDB.framework in Frameworks */ = {isa = PBXBuildFile; fileRef = 61686C67E973F3E64984E9AD /* Pods_MovieDB.framework */; };
		F017152B254FCC81004E733C /* MovieDetailsViewController.swift in Sources */ = {isa = PBXBuildFile; fileRef = F017152A254FCC81004E733C /* MovieDetailsViewController.swift */; };
		F0998E93254EF92400A80777 /* AppDelegate.swift in Sources */ = {isa = PBXBuildFile; fileRef = F0998E92254EF92400A80777 /* AppDelegate.swift */; };
		F0998E97254EF92400A80777 /* MovieListViewController.swift in Sources */ = {isa = PBXBuildFile; fileRef = F0998E96254EF92400A80777 /* MovieListViewController.swift */; };
		F0998E9D254EF92400A80777 /* MovieDB.xcdatamodeld in Sources */ = {isa = PBXBuildFile; fileRef = F0998E9B254EF92400A80777 /* MovieDB.xcdatamodeld */; };
		F0998E9F254EF92500A80777 /* Assets.xcassets in Resources */ = {isa = PBXBuildFile; fileRef = F0998E9E254EF92500A80777 /* Assets.xcassets */; };
		F0998EA2254EF92500A80777 /* LaunchScreen.storyboard in Resources */ = {isa = PBXBuildFile; fileRef = F0998EA0254EF92500A80777 /* LaunchScreen.storyboard */; };
		F0998EAF254EFCEE00A80777 /* ParameterEncoding.swift in Sources */ = {isa = PBXBuildFile; fileRef = F0998EAE254EFCEE00A80777 /* ParameterEncoding.swift */; };
		F0998EB1254EFD1900A80777 /* URLParameterEncoding.swift in Sources */ = {isa = PBXBuildFile; fileRef = F0998EB0254EFD1900A80777 /* URLParameterEncoding.swift */; };
		F0998EB3254EFD3800A80777 /* JSONParameterEncoder.swift in Sources */ = {isa = PBXBuildFile; fileRef = F0998EB2254EFD3800A80777 /* JSONParameterEncoder.swift */; };
		F0998EB5254EFD5400A80777 /* EndPointType.swift in Sources */ = {isa = PBXBuildFile; fileRef = F0998EB4254EFD5400A80777 /* EndPointType.swift */; };
		F0998EB7254EFD6C00A80777 /* Router.swift in Sources */ = {isa = PBXBuildFile; fileRef = F0998EB6254EFD6C00A80777 /* Router.swift */; };
		F0998EB9254EFD8700A80777 /* HTTPMethod.swift in Sources */ = {isa = PBXBuildFile; fileRef = F0998EB8254EFD8700A80777 /* HTTPMethod.swift */; };
		F0998EBB254EFD9E00A80777 /* HTTPTask.swift in Sources */ = {isa = PBXBuildFile; fileRef = F0998EBA254EFD9E00A80777 /* HTTPTask.swift */; };
		F0998EBD254EFDB400A80777 /* NetworkLogger.swift in Sources */ = {isa = PBXBuildFile; fileRef = F0998EBC254EFDB400A80777 /* NetworkLogger.swift */; };
		F0998EBF254EFDDA00A80777 /* NetworkManager.swift in Sources */ = {isa = PBXBuildFile; fileRef = F0998EBE254EFDDA00A80777 /* NetworkManager.swift */; };
		F0998EC1254EFE0400A80777 /* MovieEndPoint.swift in Sources */ = {isa = PBXBuildFile; fileRef = F0998EC0254EFE0400A80777 /* MovieEndPoint.swift */; };
		F0998EC3254F00AA00A80777 /* Movie.swift in Sources */ = {isa = PBXBuildFile; fileRef = F0998EC2254F00AA00A80777 /* Movie.swift */; };
		F0998ECB254F054100A80777 /* Main.storyboard in Resources */ = {isa = PBXBuildFile; fileRef = F0998EC9254F054100A80777 /* Main.storyboard */; };
		F0998ECF254F073F00A80777 /* MovieListViewModel.swift in Sources */ = {isa = PBXBuildFile; fileRef = F0998ECE254F073F00A80777 /* MovieListViewModel.swift */; };
		F0998ED4254F0C4000A80777 /* MovieTableViewCell.swift in Sources */ = {isa = PBXBuildFile; fileRef = F0998ED2254F0C4000A80777 /* MovieTableViewCell.swift */; };
		F0998ED5254F0C4000A80777 /* MovieTableViewCell.xib in Resources */ = {isa = PBXBuildFile; fileRef = F0998ED3254F0C4000A80777 /* MovieTableViewCell.xib */; };
		F0998ED8254F1B0C00A80777 /* UIView+Extension.swift in Sources */ = {isa = PBXBuildFile; fileRef = F0998ED7254F1B0C00A80777 /* UIView+Extension.swift */; };
		F0998EDA254F1B7600A80777 /* UIColor+Extension.swift in Sources */ = {isa = PBXBuildFile; fileRef = F0998ED9254F1B7600A80777 /* UIColor+Extension.swift */; };
		F0998EE7254F212500A80777 /* UIFont+Extension.swift in Sources */ = {isa = PBXBuildFile; fileRef = F0998EE6254F212500A80777 /* UIFont+Extension.swift */; };
		F0998EE8254F23C200A80777 /* GothicA1-Black.ttf in Resources */ = {isa = PBXBuildFile; fileRef = F0998EDD254F20C700A80777 /* GothicA1-Black.ttf */; };
		F0998EE9254F23C500A80777 /* GothicA1-Bold.ttf in Resources */ = {isa = PBXBuildFile; fileRef = F0998EE1254F20C700A80777 /* GothicA1-Bold.ttf */; };
		F0998EEA254F23CA00A80777 /* GothicA1-ExtraBold.ttf in Resources */ = {isa = PBXBuildFile; fileRef = F0998EDF254F20C700A80777 /* GothicA1-ExtraBold.ttf */; };
		F0998EEB254F23CA00A80777 /* GothicA1-ExtraLight.ttf in Resources */ = {isa = PBXBuildFile; fileRef = F0998EE2254F20C700A80777 /* GothicA1-ExtraLight.ttf */; };
		F0998EEC254F23CA00A80777 /* GothicA1-Light.ttf in Resources */ = {isa = PBXBuildFile; fileRef = F0998EDE254F20C700A80777 /* GothicA1-Light.ttf */; };
		F0998EED254F23CA00A80777 /* GothicA1-Medium.ttf in Resources */ = {isa = PBXBuildFile; fileRef = F0998EE3254F20C700A80777 /* GothicA1-Medium.ttf */; };
		F0998EEE254F23CA00A80777 /* GothicA1-Regular.ttf in Resources */ = {isa = PBXBuildFile; fileRef = F0998EE4254F20C800A80777 /* GothicA1-Regular.ttf */; };
		F0998EEF254F23CA00A80777 /* GothicA1-SemiBold.ttf in Resources */ = {isa = PBXBuildFile; fileRef = F0998EE0254F20C700A80777 /* GothicA1-SemiBold.ttf */; };
		F0998EF0254F23CA00A80777 /* GothicA1-Thin.ttf in Resources */ = {isa = PBXBuildFile; fileRef = F0998EE5254F20C800A80777 /* GothicA1-Thin.ttf */; };
		F0998EF2254F27E700A80777 /* UILabel+Extension.swift in Sources */ = {isa = PBXBuildFile; fileRef = F0998EF1254F27E700A80777 /* UILabel+Extension.swift */; };
		F0998EF4254F2DF600A80777 /* ImageEndPoint.swift in Sources */ = {isa = PBXBuildFile; fileRef = F0998EF3254F2DF600A80777 /* ImageEndPoint.swift */; };
		F0998EF6254F2FEE00A80777 /* UIImageView+Extension.swift in Sources */ = {isa = PBXBuildFile; fileRef = F0998EF5254F2FEE00A80777 /* UIImageView+Extension.swift */; };
		F0998EF9254F304400A80777 /* loader.json in Resources */ = {isa = PBXBuildFile; fileRef = F0998EF8254F304400A80777 /* loader.json */; };
/* End PBXBuildFile section */

/* Begin PBXFileReference section */
		61686C67E973F3E64984E9AD /* Pods_MovieDB.framework */ = {isa = PBXFileReference; explicitFileType = wrapper.framework; includeInIndex = 0; path = Pods_MovieDB.framework; sourceTree = BUILT_PRODUCTS_DIR; };
		98B9EBC3846FE4D8522542B8 /* Pods-MovieDB.debug.xcconfig */ = {isa = PBXFileReference; includeInIndex = 1; lastKnownFileType = text.xcconfig; name = "Pods-MovieDB.debug.xcconfig"; path = "Target Support Files/Pods-MovieDB/Pods-MovieDB.debug.xcconfig"; sourceTree = "<group>"; };
		98BCD34BB2BEC7BCED4BF57C /* Pods-MovieDB.release.xcconfig */ = {isa = PBXFileReference; includeInIndex = 1; lastKnownFileType = text.xcconfig; name = "Pods-MovieDB.release.xcconfig"; path = "Target Support Files/Pods-MovieDB/Pods-MovieDB.release.xcconfig"; sourceTree = "<group>"; };
		F017152A254FCC81004E733C /* MovieDetailsViewController.swift */ = {isa = PBXFileReference; lastKnownFileType = sourcecode.swift; path = MovieDetailsViewController.swift; sourceTree = "<group>"; };
		F0998E8F254EF92400A80777 /* MovieDB.app */ = {isa = PBXFileReference; explicitFileType = wrapper.application; includeInIndex = 0; path = MovieDB.app; sourceTree = BUILT_PRODUCTS_DIR; };
		F0998E92254EF92400A80777 /* AppDelegate.swift */ = {isa = PBXFileReference; lastKnownFileType = sourcecode.swift; path = AppDelegate.swift; sourceTree = "<group>"; };
		F0998E96254EF92400A80777 /* MovieListViewController.swift */ = {isa = PBXFileReference; lastKnownFileType = sourcecode.swift; path = MovieListViewController.swift; sourceTree = "<group>"; };
		F0998E9C254EF92400A80777 /* MovieDB.xcdatamodel */ = {isa = PBXFileReference; lastKnownFileType = wrapper.xcdatamodel; path = MovieDB.xcdatamodel; sourceTree = "<group>"; };
		F0998E9E254EF92500A80777 /* Assets.xcassets */ = {isa = PBXFileReference; lastKnownFileType = folder.assetcatalog; path = Assets.xcassets; sourceTree = "<group>"; };
		F0998EA1254EF92500A80777 /* Base */ = {isa = PBXFileReference; lastKnownFileType = file.storyboard; name = Base; path = Base.lproj/LaunchScreen.storyboard; sourceTree = "<group>"; };
		F0998EA3254EF92500A80777 /* Info.plist */ = {isa = PBXFileReference; lastKnownFileType = text.plist.xml; path = Info.plist; sourceTree = "<group>"; };
		F0998EAE254EFCEE00A80777 /* ParameterEncoding.swift */ = {isa = PBXFileReference; lastKnownFileType = sourcecode.swift; path = ParameterEncoding.swift; sourceTree = "<group>"; };
		F0998EB0254EFD1900A80777 /* URLParameterEncoding.swift */ = {isa = PBXFileReference; lastKnownFileType = sourcecode.swift; path = URLParameterEncoding.swift; sourceTree = "<group>"; };
		F0998EB2254EFD3800A80777 /* JSONParameterEncoder.swift */ = {isa = PBXFileReference; lastKnownFileType = sourcecode.swift; path = JSONParameterEncoder.swift; sourceTree = "<group>"; };
		F0998EB4254EFD5400A80777 /* EndPointType.swift */ = {isa = PBXFileReference; lastKnownFileType = sourcecode.swift; path = EndPointType.swift; sourceTree = "<group>"; };
		F0998EB6254EFD6C00A80777 /* Router.swift */ = {isa = PBXFileReference; lastKnownFileType = sourcecode.swift; path = Router.swift; sourceTree = "<group>"; };
		F0998EB8254EFD8700A80777 /* HTTPMethod.swift */ = {isa = PBXFileReference; lastKnownFileType = sourcecode.swift; path = HTTPMethod.swift; sourceTree = "<group>"; };
		F0998EBA254EFD9E00A80777 /* HTTPTask.swift */ = {isa = PBXFileReference; lastKnownFileType = sourcecode.swift; path = HTTPTask.swift; sourceTree = "<group>"; };
		F0998EBC254EFDB400A80777 /* NetworkLogger.swift */ = {isa = PBXFileReference; lastKnownFileType = sourcecode.swift; path = NetworkLogger.swift; sourceTree = "<group>"; };
		F0998EBE254EFDDA00A80777 /* NetworkManager.swift */ = {isa = PBXFileReference; lastKnownFileType = sourcecode.swift; path = NetworkManager.swift; sourceTree = "<group>"; };
		F0998EC0254EFE0400A80777 /* MovieEndPoint.swift */ = {isa = PBXFileReference; lastKnownFileType = sourcecode.swift; path = MovieEndPoint.swift; sourceTree = "<group>"; };
		F0998EC2254F00AA00A80777 /* Movie.swift */ = {isa = PBXFileReference; lastKnownFileType = sourcecode.swift; path = Movie.swift; sourceTree = "<group>"; };
		F0998ECA254F054100A80777 /* Base */ = {isa = PBXFileReference; lastKnownFileType = file.storyboard; name = Base; path = Base.lproj/Main.storyboard; sourceTree = "<group>"; };
		F0998ECE254F073F00A80777 /* MovieListViewModel.swift */ = {isa = PBXFileReference; lastKnownFileType = sourcecode.swift; path = MovieListViewModel.swift; sourceTree = "<group>"; };
		F0998ED2254F0C4000A80777 /* MovieTableViewCell.swift */ = {isa = PBXFileReference; lastKnownFileType = sourcecode.swift; path = MovieTableViewCell.swift; sourceTree = "<group>"; };
		F0998ED3254F0C4000A80777 /* MovieTableViewCell.xib */ = {isa = PBXFileReference; lastKnownFileType = file.xib; path = MovieTableViewCell.xib; sourceTree = "<group>"; };
		F0998ED7254F1B0C00A80777 /* UIView+Extension.swift */ = {isa = PBXFileReference; lastKnownFileType = sourcecode.swift; path = "UIView+Extension.swift"; sourceTree = "<group>"; };
		F0998ED9254F1B7600A80777 /* UIColor+Extension.swift */ = {isa = PBXFileReference; lastKnownFileType = sourcecode.swift; path = "UIColor+Extension.swift"; sourceTree = "<group>"; };
		F0998EDD254F20C700A80777 /* GothicA1-Black.ttf */ = {isa = PBXFileReference; lastKnownFileType = file; path = "GothicA1-Black.ttf"; sourceTree = "<group>"; };
		F0998EDE254F20C700A80777 /* GothicA1-Light.ttf */ = {isa = PBXFileReference; lastKnownFileType = file; path = "GothicA1-Light.ttf"; sourceTree = "<group>"; };
		F0998EDF254F20C700A80777 /* GothicA1-ExtraBold.ttf */ = {isa = PBXFileReference; lastKnownFileType = file; path = "GothicA1-ExtraBold.ttf"; sourceTree = "<group>"; };
		F0998EE0254F20C700A80777 /* GothicA1-SemiBold.ttf */ = {isa = PBXFileReference; lastKnownFileType = file; path = "GothicA1-SemiBold.ttf"; sourceTree = "<group>"; };
		F0998EE1254F20C700A80777 /* GothicA1-Bold.ttf */ = {isa = PBXFileReference; lastKnownFileType = file; path = "GothicA1-Bold.ttf"; sourceTree = "<group>"; };
		F0998EE2254F20C700A80777 /* GothicA1-ExtraLight.ttf */ = {isa = PBXFileReference; lastKnownFileType = file; path = "GothicA1-ExtraLight.ttf"; sourceTree = "<group>"; };
		F0998EE3254F20C700A80777 /* GothicA1-Medium.ttf */ = {isa = PBXFileReference; lastKnownFileType = file; path = "GothicA1-Medium.ttf"; sourceTree = "<group>"; };
		F0998EE4254F20C800A80777 /* GothicA1-Regular.ttf */ = {isa = PBXFileReference; lastKnownFileType = file; path = "GothicA1-Regular.ttf"; sourceTree = "<group>"; };
		F0998EE5254F20C800A80777 /* GothicA1-Thin.ttf */ = {isa = PBXFileReference; lastKnownFileType = file; path = "GothicA1-Thin.ttf"; sourceTree = "<group>"; };
		F0998EE6254F212500A80777 /* UIFont+Extension.swift */ = {isa = PBXFileReference; lastKnownFileType = sourcecode.swift; path = "UIFont+Extension.swift"; sourceTree = "<group>"; };
		F0998EF1254F27E700A80777 /* UILabel+Extension.swift */ = {isa = PBXFileReference; lastKnownFileType = sourcecode.swift; path = "UILabel+Extension.swift"; sourceTree = "<group>"; };
		F0998EF3254F2DF600A80777 /* ImageEndPoint.swift */ = {isa = PBXFileReference; lastKnownFileType = sourcecode.swift; path = ImageEndPoint.swift; sourceTree = "<group>"; };
		F0998EF5254F2FEE00A80777 /* UIImageView+Extension.swift */ = {isa = PBXFileReference; lastKnownFileType = sourcecode.swift; path = "UIImageView+Extension.swift"; sourceTree = "<group>"; };
		F0998EF8254F304400A80777 /* loader.json */ = {isa = PBXFileReference; fileEncoding = 4; lastKnownFileType = text.json; path = loader.json; sourceTree = "<group>"; };
/* End PBXFileReference section */

/* Begin PBXFrameworksBuildPhase section */
		F0998E8C254EF92400A80777 /* Frameworks */ = {
			isa = PBXFrameworksBuildPhase;
			buildActionMask = 2147483647;
			files = (
				BB0E26D8EEEAE72483463B4F /* Pods_MovieDB.framework in Frameworks */,
			);
			runOnlyForDeploymentPostprocessing = 0;
		};
/* End PBXFrameworksBuildPhase section */

/* Begin PBXGroup section */
		2056AAB079570FA87D65839C /* Frameworks */ = {
			isa = PBXGroup;
			children = (
				61686C67E973F3E64984E9AD /* Pods_MovieDB.framework */,
			);
			name = Frameworks;
			sourceTree = "<group>";
		};
		2A2E813A571C8DBEE49F221D /* Pods */ = {
			isa = PBXGroup;
			children = (
				98B9EBC3846FE4D8522542B8 /* Pods-MovieDB.debug.xcconfig */,
				98BCD34BB2BEC7BCED4BF57C /* Pods-MovieDB.release.xcconfig */,
			);
			path = Pods;
			sourceTree = "<group>";
		};
		F0998E86254EF92400A80777 = {
			isa = PBXGroup;
			children = (
				F0998E91254EF92400A80777 /* MovieDB */,
				F0998E90254EF92400A80777 /* Products */,
				2A2E813A571C8DBEE49F221D /* Pods */,
				2056AAB079570FA87D65839C /* Frameworks */,
			);
			sourceTree = "<group>";
		};
		F0998E90254EF92400A80777 /* Products */ = {
			isa = PBXGroup;
			children = (
				F0998E8F254EF92400A80777 /* MovieDB.app */,
			);
			name = Products;
			sourceTree = "<group>";
		};
		F0998E91254EF92400A80777 /* MovieDB */ = {
			isa = PBXGroup;
			children = (
				F0998EDB254F20AC00A80777 /* SupportingFiles */,
				F0998ED1254F0C2200A80777 /* Cells */,
				F0998EC5254F044500A80777 /* ViewControllers */,
				F0998EC4254F00B300A80777 /* Model */,
				F0998EA9254EFCA900A80777 /* Networking */,
				F0998E92254EF92400A80777 /* AppDelegate.swift */,
				F0998E9E254EF92500A80777 /* Assets.xcassets */,
				F0998EC9254F054100A80777 /* Main.storyboard */,
				F0998EA0254EF92500A80777 /* LaunchScreen.storyboard */,
				F0998EA3254EF92500A80777 /* Info.plist */,
				F0998E9B254EF92400A80777 /* MovieDB.xcdatamodeld */,
			);
			path = MovieDB;
			sourceTree = "<group>";
		};
		F0998EA9254EFCA900A80777 /* Networking */ = {
			isa = PBXGroup;
			children = (
				F0998EAD254EFCD100A80777 /* Encoding */,
				F0998EAC254EFCCB00A80777 /* Service */,
				F0998EAB254EFCBF00A80777 /* Manager */,
				F0998EAA254EFCB500A80777 /* EndPoint */,
			);
			path = Networking;
			sourceTree = "<group>";
		};
		F0998EAA254EFCB500A80777 /* EndPoint */ = {
			isa = PBXGroup;
			children = (
				F0998EC0254EFE0400A80777 /* MovieEndPoint.swift */,
				F0998EF3254F2DF600A80777 /* ImageEndPoint.swift */,
			);
			path = EndPoint;
			sourceTree = "<group>";
		};
		F0998EAB254EFCBF00A80777 /* Manager */ = {
			isa = PBXGroup;
			children = (
				F0998EBE254EFDDA00A80777 /* NetworkManager.swift */,
			);
			path = Manager;
			sourceTree = "<group>";
		};
		F0998EAC254EFCCB00A80777 /* Service */ = {
			isa = PBXGroup;
			children = (
				F0998EB4254EFD5400A80777 /* EndPointType.swift */,
				F0998EB6254EFD6C00A80777 /* Router.swift */,
				F0998EB8254EFD8700A80777 /* HTTPMethod.swift */,
				F0998EBA254EFD9E00A80777 /* HTTPTask.swift */,
				F0998EBC254EFDB400A80777 /* NetworkLogger.swift */,
			);
			path = Service;
			sourceTree = "<group>";
		};
		F0998EAD254EFCD100A80777 /* Encoding */ = {
			isa = PBXGroup;
			children = (
				F0998EAE254EFCEE00A80777 /* ParameterEncoding.swift */,
				F0998EB0254EFD1900A80777 /* URLParameterEncoding.swift */,
				F0998EB2254EFD3800A80777 /* JSONParameterEncoder.swift */,
			);
			path = Encoding;
			sourceTree = "<group>";
		};
		F0998EC4254F00B300A80777 /* Model */ = {
			isa = PBXGroup;
			children = (
				F0998EC2254F00AA00A80777 /* Movie.swift */,
			);
			path = Model;
			sourceTree = "<group>";
		};
		F0998EC5254F044500A80777 /* ViewControllers */ = {
			isa = PBXGroup;
			children = (
				F0998E96254EF92400A80777 /* MovieListViewController.swift */,
				F0998ECE254F073F00A80777 /* MovieListViewModel.swift */,
				F017152A254FCC81004E733C /* MovieDetailsViewController.swift */,
			);
			path = ViewControllers;
			sourceTree = "<group>";
		};
		F0998ED1254F0C2200A80777 /* Cells */ = {
			isa = PBXGroup;
			children = (
				F0998ED2254F0C4000A80777 /* MovieTableViewCell.swift */,
				F0998ED3254F0C4000A80777 /* MovieTableViewCell.xib */,
			);
			path = Cells;
			sourceTree = "<group>";
		};
		F0998ED6254F1AF200A80777 /* Utility */ = {
			isa = PBXGroup;
			children = (
				F0998ED7254F1B0C00A80777 /* UIView+Extension.swift */,
				F0998ED9254F1B7600A80777 /* UIColor+Extension.swift */,
				F0998EE6254F212500A80777 /* UIFont+Extension.swift */,
				F0998EF1254F27E700A80777 /* UILabel+Extension.swift */,
				F0998EF5254F2FEE00A80777 /* UIImageView+Extension.swift */,
			);
			path = Utility;
			sourceTree = "<group>";
		};
		F0998EDB254F20AC00A80777 /* SupportingFiles */ = {
			isa = PBXGroup;
			children = (
				F0998EF7254F303300A80777 /* AnimationFiles */,
				F0998ED6254F1AF200A80777 /* Utility */,
				F0998EDC254F20B200A80777 /* FontFiles */,
			);
			path = SupportingFiles;
			sourceTree = "<group>";
		};
		F0998EDC254F20B200A80777 /* FontFiles */ = {
			isa = PBXGroup;
			children = (
				F0998EDD254F20C700A80777 /* GothicA1-Black.ttf */,
				F0998EE1254F20C700A80777 /* GothicA1-Bold.ttf */,
				F0998EDF254F20C700A80777 /* GothicA1-ExtraBold.ttf */,
				F0998EE2254F20C700A80777 /* GothicA1-ExtraLight.ttf */,
				F0998EDE254F20C700A80777 /* GothicA1-Light.ttf */,
				F0998EE3254F20C700A80777 /* GothicA1-Medium.ttf */,
				F0998EE4254F20C800A80777 /* GothicA1-Regular.ttf */,
				F0998EE0254F20C700A80777 /* GothicA1-SemiBold.ttf */,
				F0998EE5254F20C800A80777 /* GothicA1-Thin.ttf */,
			);
			path = FontFiles;
			sourceTree = "<group>";
		};
		F0998EF7254F303300A80777 /* AnimationFiles */ = {
			isa = PBXGroup;
			children = (
				F0998EF8254F304400A80777 /* loader.json */,
			);
			path = AnimationFiles;
			sourceTree = "<group>";
		};
/* End PBXGroup section */

/* Begin PBXNativeTarget section */
		F0998E8E254EF92400A80777 /* MovieDB */ = {
			isa = PBXNativeTarget;
			buildConfigurationList = F0998EA6254EF92500A80777 /* Build configuration list for PBXNativeTarget "MovieDB" */;
			buildPhases = (
				72339731FBF7D71BE36DE5FC /* [CP] Check Pods Manifest.lock */,
				F0998E8B254EF92400A80777 /* Sources */,
				F0998E8C254EF92400A80777 /* Frameworks */,
				F0998E8D254EF92400A80777 /* Resources */,
				096C4226CBDAB72CFE614B30 /* [CP] Embed Pods Frameworks */,
			);
			buildRules = (
			);
			dependencies = (
			);
			name = MovieDB;
			productName = MovieDB;
			productReference = F0998E8F254EF92400A80777 /* MovieDB.app */;
			productType = "com.apple.product-type.application";
		};
/* End PBXNativeTarget section */

/* Begin PBXProject section */
		F0998E87254EF92400A80777 /* Project object */ = {
			isa = PBXProject;
			attributes = {
				LastSwiftUpdateCheck = 1150;
				LastUpgradeCheck = 1150;
				ORGANIZATIONNAME = "Rasika Punde";
				TargetAttributes = {
					F0998E8E254EF92400A80777 = {
						CreatedOnToolsVersion = 11.5;
					};
				};
			};
			buildConfigurationList = F0998E8A254EF92400A80777 /* Build configuration list for PBXProject "MovieDB" */;
			compatibilityVersion = "Xcode 9.3";
			developmentRegion = en;
			hasScannedForEncodings = 0;
			knownRegions = (
				en,
				Base,
			);
			mainGroup = F0998E86254EF92400A80777;
			productRefGroup = F0998E90254EF92400A80777 /* Products */;
			projectDirPath = "";
			projectRoot = "";
			targets = (
				F0998E8E254EF92400A80777 /* MovieDB */,
			);
		};
/* End PBXProject section */

/* Begin PBXResourcesBuildPhase section */
		F0998E8D254EF92400A80777 /* Resources */ = {
			isa = PBXResourcesBuildPhase;
			buildActionMask = 2147483647;
			files = (
				F0998EEE254F23CA00A80777 /* GothicA1-Regular.ttf in Resources */,
				F0998EF0254F23CA00A80777 /* GothicA1-Thin.ttf in Resources */,
				F0998EEC254F23CA00A80777 /* GothicA1-Light.ttf in Resources */,
				F0998EED254F23CA00A80777 /* GothicA1-Medium.ttf in Resources */,
				F0998EA2254EF92500A80777 /* LaunchScreen.storyboard in Resources */,
				F0998EE8254F23C200A80777 /* GothicA1-Black.ttf in Resources */,
				F0998E9F254EF92500A80777 /* Assets.xcassets in Resources */,
				F0998EE9254F23C500A80777 /* GothicA1-Bold.ttf in Resources */,
				F0998EEB254F23CA00A80777 /* GothicA1-ExtraLight.ttf in Resources */,
				F0998ED5254F0C4000A80777 /* MovieTableViewCell.xib in Resources */,
				F0998EF9254F304400A80777 /* loader.json in Resources */,
				F0998EEF254F23CA00A80777 /* GothicA1-SemiBold.ttf in Resources */,
				F0998EEA254F23CA00A80777 /* GothicA1-ExtraBold.ttf in Resources */,
				F0998ECB254F054100A80777 /* Main.storyboard in Resources */,
			);
			runOnlyForDeploymentPostprocessing = 0;
		};
/* End PBXResourcesBuildPhase section */

/* Begin PBXShellScriptBuildPhase section */
		096C4226CBDAB72CFE614B30 /* [CP] Embed Pods Frameworks */ = {
			isa = PBXShellScriptBuildPhase;
			buildActionMask = 2147483647;
			files = (
			);
			inputFileListPaths = (
				"${PODS_ROOT}/Target Support Files/Pods-MovieDB/Pods-MovieDB-frameworks-${CONFIGURATION}-input-files.xcfilelist",
			);
			name = "[CP] Embed Pods Frameworks";
			outputFileListPaths = (
				"${PODS_ROOT}/Target Support Files/Pods-MovieDB/Pods-MovieDB-frameworks-${CONFIGURATION}-output-files.xcfilelist",
			);
			runOnlyForDeploymentPostprocessing = 0;
			shellPath = /bin/sh;
			shellScript = "\"${PODS_ROOT}/Target Support Files/Pods-MovieDB/Pods-MovieDB-frameworks.sh\"\n";
			showEnvVarsInLog = 0;
		};
		72339731FBF7D71BE36DE5FC /* [CP] Check Pods Manifest.lock */ = {
			isa = PBXShellScriptBuildPhase;
			buildActionMask = 2147483647;
			files = (
			);
			inputFileListPaths = (
			);
			inputPaths = (
				"${PODS_PODFILE_DIR_PATH}/Podfile.lock",
				"${PODS_ROOT}/Manifest.lock",
			);
			name = "[CP] Check Pods Manifest.lock";
			outputFileListPaths = (
			);
			outputPaths = (
				"$(DERIVED_FILE_DIR)/Pods-MovieDB-checkManifestLockResult.txt",
			);
			runOnlyForDeploymentPostprocessing = 0;
			shellPath = /bin/sh;
			shellScript = "diff \"${PODS_PODFILE_DIR_PATH}/Podfile.lock\" \"${PODS_ROOT}/Manifest.lock\" > /dev/null\nif [ $? != 0 ] ; then\n    # print error to STDERR\n    echo \"error: The sandbox is not in sync with the Podfile.lock. Run 'pod install' or update your CocoaPods installation.\" >&2\n    exit 1\nfi\n# This output is used by Xcode 'outputs' to avoid re-running this script phase.\necho \"SUCCESS\" > \"${SCRIPT_OUTPUT_FILE_0}\"\n";
			showEnvVarsInLog = 0;
		};
/* End PBXShellScriptBuildPhase section */

/* Begin PBXSourcesBuildPhase section */
		F0998E8B254EF92400A80777 /* Sources */ = {
			isa = PBXSourcesBuildPhase;
			buildActionMask = 2147483647;
			files = (
				F0998EC3254F00AA00A80777 /* Movie.swift in Sources */,
				F0998EBD254EFDB400A80777 /* NetworkLogger.swift in Sources */,
				F0998EB5254EFD5400A80777 /* EndPointType.swift in Sources */,
				F0998EE7254F212500A80777 /* UIFont+Extension.swift in Sources */,
				F0998EDA254F1B7600A80777 /* UIColor+Extension.swift in Sources */,
				F0998E97254EF92400A80777 /* MovieListViewController.swift in Sources */,
				F0998EBF254EFDDA00A80777 /* NetworkManager.swift in Sources */,
				F0998E93254EF92400A80777 /* AppDelegate.swift in Sources */,
				F0998ED4254F0C4000A80777 /* MovieTableViewCell.swift in Sources */,
				F0998ED8254F1B0C00A80777 /* UIView+Extension.swift in Sources */,
				F0998EAF254EFCEE00A80777 /* ParameterEncoding.swift in Sources */,
				F0998EB7254EFD6C00A80777 /* Router.swift in Sources */,
				F0998EF2254F27E700A80777 /* UILabel+Extension.swift in Sources */,
				F0998E9D254EF92400A80777 /* MovieDB.xcdatamodeld in Sources */,
				F017152B254FCC81004E733C /* MovieDetailsViewController.swift in Sources */,
				F0998EB1254EFD1900A80777 /* URLParameterEncoding.swift in Sources */,
				F0998EBB254EFD9E00A80777 /* HTTPTask.swift in Sources */,
				F0998EB3254EFD3800A80777 /* JSONParameterEncoder.swift in Sources */,
				F0998EC1254EFE0400A80777 /* MovieEndPoint.swift in Sources */,
				F0998EF6254F2FEE00A80777 /* UIImageView+Extension.swift in Sources */,
				F0998EF4254F2DF600A80777 /* ImageEndPoint.swift in Sources */,
				F0998EB9254EFD8700A80777 /* HTTPMethod.swift in Sources */,
				F0998ECF254F073F00A80777 /* MovieListViewModel.swift in Sources */,
			);
			runOnlyForDeploymentPostprocessing = 0;
		};
/* End PBXSourcesBuildPhase section */

/* Begin PBXVariantGroup section */
		F0998EA0254EF92500A80777 /* LaunchScreen.storyboard */ = {
			isa = PBXVariantGroup;
			children = (
				F0998EA1254EF92500A80777 /* Base */,
			);
			name = LaunchScreen.storyboard;
			sourceTree = "<group>";
		};
		F0998EC9254F054100A80777 /* Main.storyboard */ = {
			isa = PBXVariantGroup;
			children = (
				F0998ECA254F054100A80777 /* Base */,
			);
			name = Main.storyboard;
			sourceTree = "<group>";
		};
/* End PBXVariantGroup section */

/* Begin XCBuildConfiguration section */
		F0998EA4254EF92500A80777 /* Debug */ = {
			isa = XCBuildConfiguration;
			buildSettings = {
				ALWAYS_SEARCH_USER_PATHS = NO;
				CLANG_ANALYZER_NONNULL = YES;
				CLANG_ANALYZER_NUMBER_OBJECT_CONVERSION = YES_AGGRESSIVE;
				CLANG_CXX_LANGUAGE_STANDARD = "gnu++14";
				CLANG_CXX_LIBRARY = "libc++";
				CLANG_ENABLE_MODULES = YES;
				CLANG_ENABLE_OBJC_ARC = YES;
				CLANG_ENABLE_OBJC_WEAK = YES;
				CLANG_WARN_BLOCK_CAPTURE_AUTORELEASING = YES;
				CLANG_WARN_BOOL_CONVERSION = YES;
				CLANG_WARN_COMMA = YES;
				CLANG_WARN_CONSTANT_CONVERSION = YES;
				CLANG_WARN_DEPRECATED_OBJC_IMPLEMENTATIONS = YES;
				CLANG_WARN_DIRECT_OBJC_ISA_USAGE = YES_ERROR;
				CLANG_WARN_DOCUMENTATION_COMMENTS = YES;
				CLANG_WARN_EMPTY_BODY = YES;
				CLANG_WARN_ENUM_CONVERSION = YES;
				CLANG_WARN_INFINITE_RECURSION = YES;
				CLANG_WARN_INT_CONVERSION = YES;
				CLANG_WARN_NON_LITERAL_NULL_CONVERSION = YES;
				CLANG_WARN_OBJC_IMPLICIT_RETAIN_SELF = YES;
				CLANG_WARN_OBJC_LITERAL_CONVERSION = YES;
				CLANG_WARN_OBJC_ROOT_CLASS = YES_ERROR;
				CLANG_WARN_RANGE_LOOP_ANALYSIS = YES;
				CLANG_WARN_STRICT_PROTOTYPES = YES;
				CLANG_WARN_SUSPICIOUS_MOVE = YES;
				CLANG_WARN_UNGUARDED_AVAILABILITY = YES_AGGRESSIVE;
				CLANG_WARN_UNREACHABLE_CODE = YES;
				CLANG_WARN__DUPLICATE_METHOD_MATCH = YES;
				COPY_PHASE_STRIP = NO;
				DEBUG_INFORMATION_FORMAT = dwarf;
				ENABLE_STRICT_OBJC_MSGSEND = YES;
				ENABLE_TESTABILITY = YES;
				GCC_C_LANGUAGE_STANDARD = gnu11;
				GCC_DYNAMIC_NO_PIC = NO;
				GCC_NO_COMMON_BLOCKS = YES;
				GCC_OPTIMIZATION_LEVEL = 0;
				GCC_PREPROCESSOR_DEFINITIONS = (
					"DEBUG=1",
					"$(inherited)",
				);
				GCC_WARN_64_TO_32_BIT_CONVERSION = YES;
				GCC_WARN_ABOUT_RETURN_TYPE = YES_ERROR;
				GCC_WARN_UNDECLARED_SELECTOR = YES;
				GCC_WARN_UNINITIALIZED_AUTOS = YES_AGGRESSIVE;
				GCC_WARN_UNUSED_FUNCTION = YES;
				GCC_WARN_UNUSED_VARIABLE = YES;
				IPHONEOS_DEPLOYMENT_TARGET = 13.0;
				MTL_ENABLE_DEBUG_INFO = INCLUDE_SOURCE;
				MTL_FAST_MATH = YES;
				ONLY_ACTIVE_ARCH = YES;
				SDKROOT = iphoneos;
				SWIFT_ACTIVE_COMPILATION_CONDITIONS = DEBUG;
				SWIFT_OPTIMIZATION_LEVEL = "-Onone";
			};
			name = Debug;
		};
		F0998EA5254EF92500A80777 /* Release */ = {
			isa = XCBuildConfiguration;
			buildSettings = {
				ALWAYS_SEARCH_USER_PATHS = NO;
				CLANG_ANALYZER_NONNULL = YES;
				CLANG_ANALYZER_NUMBER_OBJECT_CONVERSION = YES_AGGRESSIVE;
				CLANG_CXX_LANGUAGE_STANDARD = "gnu++14";
				CLANG_CXX_LIBRARY = "libc++";
				CLANG_ENABLE_MODULES = YES;
				CLANG_ENABLE_OBJC_ARC = YES;
				CLANG_ENABLE_OBJC_WEAK = YES;
				CLANG_WARN_BLOCK_CAPTURE_AUTORELEASING = YES;
				CLANG_WARN_BOOL_CONVERSION = YES;
				CLANG_WARN_COMMA = YES;
				CLANG_WARN_CONSTANT_CONVERSION = YES;
				CLANG_WARN_DEPRECATED_OBJC_IMPLEMENTATIONS = YES;
				CLANG_WARN_DIRECT_OBJC_ISA_USAGE = YES_ERROR;
				CLANG_WARN_DOCUMENTATION_COMMENTS = YES;
				CLANG_WARN_EMPTY_BODY = YES;
				CLANG_WARN_ENUM_CONVERSION = YES;
				CLANG_WARN_INFINITE_RECURSION = YES;
				CLANG_WARN_INT_CONVERSION = YES;
				CLANG_WARN_NON_LITERAL_NULL_CONVERSION = YES;
				CLANG_WARN_OBJC_IMPLICIT_RETAIN_SELF = YES;
				CLANG_WARN_OBJC_LITERAL_CONVERSION = YES;
				CLANG_WARN_OBJC_ROOT_CLASS = YES_ERROR;
				CLANG_WARN_RANGE_LOOP_ANALYSIS = YES;
				CLANG_WARN_STRICT_PROTOTYPES = YES;
				CLANG_WARN_SUSPICIOUS_MOVE = YES;
				CLANG_WARN_UNGUARDED_AVAILABILITY = YES_AGGRESSIVE;
				CLANG_WARN_UNREACHABLE_CODE = YES;
				CLANG_WARN__DUPLICATE_METHOD_MATCH = YES;
				COPY_PHASE_STRIP = NO;
				DEBUG_INFORMATION_FORMAT = "dwarf-with-dsym";
				ENABLE_NS_ASSERTIONS = NO;
				ENABLE_STRICT_OBJC_MSGSEND = YES;
				GCC_C_LANGUAGE_STANDARD = gnu11;
				GCC_NO_COMMON_BLOCKS = YES;
				GCC_WARN_64_TO_32_BIT_CONVERSION = YES;
				GCC_WARN_ABOUT_RETURN_TYPE = YES_ERROR;
				GCC_WARN_UNDECLARED_SELECTOR = YES;
				GCC_WARN_UNINITIALIZED_AUTOS = YES_AGGRESSIVE;
				GCC_WARN_UNUSED_FUNCTION = YES;
				GCC_WARN_UNUSED_VARIABLE = YES;
				IPHONEOS_DEPLOYMENT_TARGET = 13.0;
				MTL_ENABLE_DEBUG_INFO = NO;
				MTL_FAST_MATH = YES;
				SDKROOT = iphoneos;
				SWIFT_COMPILATION_MODE = wholemodule;
				SWIFT_OPTIMIZATION_LEVEL = "-O";
				VALIDATE_PRODUCT = YES;
			};
			name = Release;
		};
		F0998EA7254EF92500A80777 /* Debug */ = {
			isa = XCBuildConfiguration;
			baseConfigurationReference = 98B9EBC3846FE4D8522542B8 /* Pods-MovieDB.debug.xcconfig */;
			buildSettings = {
				ASSETCATALOG_COMPILER_APPICON_NAME = AppIcon;
				CODE_SIGN_STYLE = Automatic;
				DEVELOPMENT_TEAM = 8CA6T82H7R;
				INFOPLIST_FILE = MovieDB/Info.plist;
				LD_RUNPATH_SEARCH_PATHS = (
					"$(inherited)",
					"@executable_path/Frameworks",
				);
				PRODUCT_BUNDLE_IDENTIFIER = com.rasika.MovieDB;
				PRODUCT_NAME = "$(TARGET_NAME)";
				SWIFT_VERSION = 5.0;
				TARGETED_DEVICE_FAMILY = 1;
			};
			name = Debug;
		};
		F0998EA8254EF92500A80777 /* Release */ = {
			isa = XCBuildConfiguration;
			baseConfigurationReference = 98BCD34BB2BEC7BCED4BF57C /* Pods-MovieDB.release.xcconfig */;
			buildSettings = {
				ASSETCATALOG_COMPILER_APPICON_NAME = AppIcon;
				CODE_SIGN_STYLE = Automatic;
				DEVELOPMENT_TEAM = 8CA6T82H7R;
				INFOPLIST_FILE = MovieDB/Info.plist;
				LD_RUNPATH_SEARCH_PATHS = (
					"$(inherited)",
					"@executable_path/Frameworks",
				);
				PRODUCT_BUNDLE_IDENTIFIER = com.rasika.MovieDB;
				PRODUCT_NAME = "$(TARGET_NAME)";
				SWIFT_VERSION = 5.0;
				TARGETED_DEVICE_FAMILY = 1;
			};
			name = Release;
		};
/* End XCBuildConfiguration section */

/* Begin XCConfigurationList section */
		F0998E8A254EF92400A80777 /* Build configuration list for PBXProject "MovieDB" */ = {
			isa = XCConfigurationList;
			buildConfigurations = (
				F0998EA4254EF92500A80777 /* Debug */,
				F0998EA5254EF92500A80777 /* Release */,
			);
			defaultConfigurationIsVisible = 0;
			defaultConfigurationName = Release;
		};
		F0998EA6254EF92500A80777 /* Build configuration list for PBXNativeTarget "MovieDB" */ = {
			isa = XCConfigurationList;
			buildConfigurations = (
				F0998EA7254EF92500A80777 /* Debug */,
				F0998EA8254EF92500A80777 /* Release */,
			);
			defaultConfigurationIsVisible = 0;
			defaultConfigurationName = Release;
		};
/* End XCConfigurationList section */

/* Begin XCVersionGroup section */
		F0998E9B254EF92400A80777 /* MovieDB.xcdatamodeld */ = {
			isa = XCVersionGroup;
			children = (
				F0998E9C254EF92400A80777 /* MovieDB.xcdatamodel */,
			);
			currentVersion = F0998E9C254EF92400A80777 /* MovieDB.xcdatamodel */;
			path = MovieDB.xcdatamodeld;
			sourceTree = "<group>";
			versionGroupType = wrapper.xcdatamodel;
		};
/* End XCVersionGroup section */
	};
	rootObject = F0998E87254EF92400A80777 /* Project object */;
}
